
Microsoft Visual Studio Solution File, Format Version 12.00
# Visual Studio 15
VisualStudioVersion = 15.0.28307.960
MinimumVisualStudioVersion = 10.0.40219.1
Project("{FAE04EC0-301F-11D3-BF4B-00C04F79EFBC}") = "load-grid-to-another-grid", "load-grid-to-another-grid\load-grid-to-another-grid.csproj", "{D16DEFEC-7BD1-425D-AC7B-F5FF83EE6767}"
EndProject
Global
	GlobalSection(SolutionConfigurationPlatforms) = preSolution
		Debug|Any CPU = Debug|Any CPU
		Release|Any CPU = Release|Any CPU
	EndGlobalSection
	GlobalSection(ProjectConfigurationPlatforms) = postSolution
		{D16DEFEC-7BD1-425D-AC7B-F5FF83EE6767}.Debug|Any CPU.ActiveCfg = Debug|Any CPU
		{D16DEFEC-7BD1-425D-AC7B-F5FF83EE6767}.Debug|Any CPU.Build.0 = Debug|Any CPU
		{D16DEFEC-7BD1-425D-AC7B-F5FF83EE6767}.Release|Any CPU.ActiveCfg = Release|Any CPU
		{D16DEFEC-7BD1-425D-AC7B-F5FF83EE6767}.Release|Any CPU.Build.0 = Release|Any CPU
	EndGlobalSection
	GlobalSection(SolutionProperties) = preSolution
		HideSolutionNode = FALSE
	EndGlobalSection
	GlobalSection(ExtensibilityGlobals) = postSolution
		SolutionGuid = {CCC84FA4-8EF8-4D47-8AFE-C25359F6C7E2}
	EndGlobalSection
EndGlobal
